
Microsoft Visual Studio Solution File, Format Version 12.00
# Visual Studio Version 17
VisualStudioVersion = 17.7.34221.43
MinimumVisualStudioVersion = 10.0.40219.1
Project("{9A19103F-16F7-4668-BE54-9A1E7A4F7556}") = "BetterEditor", "BetterEditor\BetterEditor.csproj", "{4695A6A5-681B-46E8-8ED2-D90EA6DE8C51}"
EndProject
Global
	GlobalSection(SolutionConfigurationPlatforms) = preSolution
		Debug|Any CPU = Debug|Any CPU
		Release|Any CPU = Release|Any CPU
	EndGlobalSection
	GlobalSection(ProjectConfigurationPlatforms) = postSolution
		{4695A6A5-681B-46E8-8ED2-D90EA6DE8C51}.Debug|Any CPU.ActiveCfg = Debug|Any CPU
		{4695A6A5-681B-46E8-8ED2-D90EA6DE8C51}.Debug|Any CPU.Build.0 = Debug|Any CPU
		{4695A6A5-681B-46E8-8ED2-D90EA6DE8C51}.Release|Any CPU.ActiveCfg = Release|Any CPU
		{4695A6A5-681B-46E8-8ED2-D90EA6DE8C51}.Release|Any CPU.Build.0 = Release|Any CPU
	EndGlobalSection
	GlobalSection(SolutionProperties) = preSolution
		HideSolutionNode = FALSE
	EndGlobalSection
	GlobalSection(ExtensibilityGlobals) = postSolution
		SolutionGuid = {2500EFC6-632E-4EEC-ABDE-11C6E1B33C7F}
	EndGlobalSection
EndGlobal
